
Microsoft Visual Studio Solution File, Format Version 12.00
# Visual Studio 14
VisualStudioVersion = 14.0.24720.0
MinimumVisualStudioVersion = 10.0.40219.1
Project("{8BC9CEB8-8B4A-11D0-8D11-00A0C91BC942}") = "Propitious", "Propitious.vcxproj", "{CF898A5E-0334-449D-9E1C-2741B914B06A}"
EndProject
Project("{8BC9CEB8-8B4A-11D0-8D11-00A0C91BC942}") = "PropitiTest", "PropitiTest\PropitiTest.vcxproj", "{1B23CC3E-4CDD-4DC2-8E0C-B734D022323B}"
	ProjectSection(ProjectDependencies) = postProject
		{CF898A5E-0334-449D-9E1C-2741B914B06A} = {CF898A5E-0334-449D-9E1C-2741B914B06A}
	EndProjectSection
EndProject
Project("{8BC9CEB8-8B4A-11D0-8D11-00A0C91BC942}") = "Octivaic", "..\Octivaic\Octivaic\Octivaic\Octivaic.vcxproj", "{8E748507-73CA-41CE-A783-EF0F05FB4FC2}"
	ProjectSection(ProjectDependencies) = postProject
		{CF898A5E-0334-449D-9E1C-2741B914B06A} = {CF898A5E-0334-449D-9E1C-2741B914B06A}
	EndProjectSection
EndProject
Project("{8BC9CEB8-8B4A-11D0-8D11-00A0C91BC942}") = "PropitiGame Launcher", "game\game.vcxproj", "{7682E8BE-96C3-4E4F-82F8-5FEE30479747}"
	ProjectSection(ProjectDependencies) = postProject
		{CF898A5E-0334-449D-9E1C-2741B914B06A} = {CF898A5E-0334-449D-9E1C-2741B914B06A}
		{09B9179D-A84D-42D9-ADF4-271ECF56B1DC} = {09B9179D-A84D-42D9-ADF4-271ECF56B1DC}
	EndProjectSection
EndProject
Project("{2150E333-8FDC-42A3-9474-1A3956D46DE8}") = "Game", "Game", "{5540FA04-F51F-4436-ADE1-6C1BDAFA7F89}"
EndProject
Project("{8BC9CEB8-8B4A-11D0-8D11-00A0C91BC942}") = "DemoGame", "DemoGame\DemoGame.vcxproj", "{09B9179D-A84D-42D9-ADF4-271ECF56B1DC}"
	ProjectSection(ProjectDependencies) = postProject
		{CF898A5E-0334-449D-9E1C-2741B914B06A} = {CF898A5E-0334-449D-9E1C-2741B914B06A}
	EndProjectSection
EndProject
Global
	GlobalSection(SolutionConfigurationPlatforms) = preSolution
		Debug|x64 = Debug|x64
		Debug|x86 = Debug|x86
		Release|x64 = Release|x64
		Release|x86 = Release|x86
	EndGlobalSection
	GlobalSection(ProjectConfigurationPlatforms) = postSolution
		{CF898A5E-0334-449D-9E1C-2741B914B06A}.Debug|x64.ActiveCfg = Debug|x64
		{CF898A5E-0334-449D-9E1C-2741B914B06A}.Debug|x64.Build.0 = Debug|x64
		{CF898A5E-0334-449D-9E1C-2741B914B06A}.Debug|x86.ActiveCfg = Debug|Win32
		{CF898A5E-0334-449D-9E1C-2741B914B06A}.Debug|x86.Build.0 = Debug|Win32
		{CF898A5E-0334-449D-9E1C-2741B914B06A}.Release|x64.ActiveCfg = Release|x64
		{CF898A5E-0334-449D-9E1C-2741B914B06A}.Release|x64.Build.0 = Release|x64
		{CF898A5E-0334-449D-9E1C-2741B914B06A}.Release|x86.ActiveCfg = Release|Win32
		{CF898A5E-0334-449D-9E1C-2741B914B06A}.Release|x86.Build.0 = Release|Win32
		{1B23CC3E-4CDD-4DC2-8E0C-B734D022323B}.Debug|x64.ActiveCfg = Debug|x64
		{1B23CC3E-4CDD-4DC2-8E0C-B734D022323B}.Debug|x64.Build.0 = Debug|x64
		{1B23CC3E-4CDD-4DC2-8E0C-B734D022323B}.Debug|x86.ActiveCfg = Debug|Win32
		{1B23CC3E-4CDD-4DC2-8E0C-B734D022323B}.Debug|x86.Build.0 = Debug|Win32
		{1B23CC3E-4CDD-4DC2-8E0C-B734D022323B}.Release|x64.ActiveCfg = Release|x64
		{1B23CC3E-4CDD-4DC2-8E0C-B734D022323B}.Release|x64.Build.0 = Release|x64
		{1B23CC3E-4CDD-4DC2-8E0C-B734D022323B}.Release|x86.ActiveCfg = Release|Win32
		{1B23CC3E-4CDD-4DC2-8E0C-B734D022323B}.Release|x86.Build.0 = Release|Win32
		{8E748507-73CA-41CE-A783-EF0F05FB4FC2}.Debug|x64.ActiveCfg = Debug|x64
		{8E748507-73CA-41CE-A783-EF0F05FB4FC2}.Debug|x64.Build.0 = Debug|x64
		{8E748507-73CA-41CE-A783-EF0F05FB4FC2}.Debug|x86.ActiveCfg = Debug|Win32
		{8E748507-73CA-41CE-A783-EF0F05FB4FC2}.Debug|x86.Build.0 = Debug|Win32
		{8E748507-73CA-41CE-A783-EF0F05FB4FC2}.Release|x64.ActiveCfg = Release|x64
		{8E748507-73CA-41CE-A783-EF0F05FB4FC2}.Release|x64.Build.0 = Release|x64
		{8E748507-73CA-41CE-A783-EF0F05FB4FC2}.Release|x86.ActiveCfg = Release|Win32
		{8E748507-73CA-41CE-A783-EF0F05FB4FC2}.Release|x86.Build.0 = Release|Win32
		{7682E8BE-96C3-4E4F-82F8-5FEE30479747}.Debug|x64.ActiveCfg = Debug|x64
		{7682E8BE-96C3-4E4F-82F8-5FEE30479747}.Debug|x64.Build.0 = Debug|x64
		{7682E8BE-96C3-4E4F-82F8-5FEE30479747}.Debug|x86.ActiveCfg = Debug|Win32
		{7682E8BE-96C3-4E4F-82F8-5FEE30479747}.Debug|x86.Build.0 = Debug|Win32
		{7682E8BE-96C3-4E4F-82F8-5FEE30479747}.Release|x64.ActiveCfg = Release|x64
		{7682E8BE-96C3-4E4F-82F8-5FEE30479747}.Release|x64.Build.0 = Release|x64
		{7682E8BE-96C3-4E4F-82F8-5FEE30479747}.Release|x86.ActiveCfg = Release|Win32
		{7682E8BE-96C3-4E4F-82F8-5FEE30479747}.Release|x86.Build.0 = Release|Win32
		{09B9179D-A84D-42D9-ADF4-271ECF56B1DC}.Debug|x64.ActiveCfg = Debug|x64
		{09B9179D-A84D-42D9-ADF4-271ECF56B1DC}.Debug|x64.Build.0 = Debug|x64
		{09B9179D-A84D-42D9-ADF4-271ECF56B1DC}.Debug|x86.ActiveCfg = Debug|Win32
		{09B9179D-A84D-42D9-ADF4-271ECF56B1DC}.Debug|x86.Build.0 = Debug|Win32
		{09B9179D-A84D-42D9-ADF4-271ECF56B1DC}.Release|x64.ActiveCfg = Release|x64
		{09B9179D-A84D-42D9-ADF4-271ECF56B1DC}.Release|x64.Build.0 = Release|x64
		{09B9179D-A84D-42D9-ADF4-271ECF56B1DC}.Release|x86.ActiveCfg = Release|Win32
		{09B9179D-A84D-42D9-ADF4-271ECF56B1DC}.Release|x86.Build.0 = Release|Win32
	EndGlobalSection
	GlobalSection(SolutionProperties) = preSolution
		HideSolutionNode = FALSE
	EndGlobalSection
	GlobalSection(NestedProjects) = preSolution
		{1B23CC3E-4CDD-4DC2-8E0C-B734D022323B} = {5540FA04-F51F-4436-ADE1-6C1BDAFA7F89}
		{8E748507-73CA-41CE-A783-EF0F05FB4FC2} = {5540FA04-F51F-4436-ADE1-6C1BDAFA7F89}
		{7682E8BE-96C3-4E4F-82F8-5FEE30479747} = {5540FA04-F51F-4436-ADE1-6C1BDAFA7F89}
		{09B9179D-A84D-42D9-ADF4-271ECF56B1DC} = {5540FA04-F51F-4436-ADE1-6C1BDAFA7F89}
	EndGlobalSection
EndGlobal
